// !$*UTF8*$!
{
	archiveVersion = 1;
	classes = {
	};
	objectVersion = 56;
	objects = {

/* Begin PBXBuildFile section */
		633614A32AB09AE7008BF900 /* Assets.xcassets in Resources */ = {isa = PBXBuildFile; fileRef = 633614A22AB09AE7008BF900 /* Assets.xcassets */; };
		633614A62AB09AE7008BF900 /* Preview Assets.xcassets in Resources */ = {isa = PBXBuildFile; fileRef = 633614A52AB09AE7008BF900 /* Preview Assets.xcassets */; };
		633614B02AB09AE7008BF900 /* PocketCardsTests.swift in Sources */ = {isa = PBXBuildFile; fileRef = 633614AF2AB09AE7008BF900 /* PocketCardsTests.swift */; };
		633614BA2AB09AE7008BF900 /* PocketCardsUITests.swift in Sources */ = {isa = PBXBuildFile; fileRef = 633614B92AB09AE7008BF900 /* PocketCardsUITests.swift */; };
		633614BC2AB09AE7008BF900 /* PocketCardsUITestsLaunchTests.swift in Sources */ = {isa = PBXBuildFile; fileRef = 633614BB2AB09AE7008BF900 /* PocketCardsUITestsLaunchTests.swift */; };
		633614C92AB09E06008BF900 /* CardPage.swift in Sources */ = {isa = PBXBuildFile; fileRef = 633614C82AB09E06008BF900 /* CardPage.swift */; };
		633614CB2AB09EBF008BF900 /* CardView.swift in Sources */ = {isa = PBXBuildFile; fileRef = 633614CA2AB09EBF008BF900 /* CardView.swift */; };
		633614DB2AB0DF42008BF900 /* RootContainerView.swift in Sources */ = {isa = PBXBuildFile; fileRef = 633614CD2AB0DF42008BF900 /* RootContainerView.swift */; };
		633614DC2AB0DF42008BF900 /* RouterApp.swift in Sources */ = {isa = PBXBuildFile; fileRef = 633614CE2AB0DF42008BF900 /* RouterApp.swift */; };
		633614DD2AB0DF42008BF900 /* SheetPublishedModifier.swift in Sources */ = {isa = PBXBuildFile; fileRef = 633614D02AB0DF42008BF900 /* SheetPublishedModifier.swift */; };
		633614DE2AB0DF42008BF900 /* FullScreenCoverPublishedModifier.swift in Sources */ = {isa = PBXBuildFile; fileRef = 633614D12AB0DF42008BF900 /* FullScreenCoverPublishedModifier.swift */; };
		633614DF2AB0DF42008BF900 /* ModalOnlyNavigationStack.swift in Sources */ = {isa = PBXBuildFile; fileRef = 633614D22AB0DF42008BF900 /* ModalOnlyNavigationStack.swift */; };
		633614E02AB0DF42008BF900 /* RootModalNavigationStack.swift in Sources */ = {isa = PBXBuildFile; fileRef = 633614D32AB0DF42008BF900 /* RootModalNavigationStack.swift */; };
		633614E12AB0DF42008BF900 /* SheetNavigationStackModifier.swift in Sources */ = {isa = PBXBuildFile; fileRef = 633614D42AB0DF42008BF900 /* SheetNavigationStackModifier.swift */; };
		633614E22AB0DF42008BF900 /* RootNavigationStack.swift in Sources */ = {isa = PBXBuildFile; fileRef = 633614D52AB0DF42008BF900 /* RootNavigationStack.swift */; };
		633614E32AB0DF42008BF900 /* Router+View.swift in Sources */ = {isa = PBXBuildFile; fileRef = 633614D62AB0DF42008BF900 /* Router+View.swift */; };
		633614E42AB0DF42008BF900 /* FullScreenCoverNavigationStackModifier.swift in Sources */ = {isa = PBXBuildFile; fileRef = 633614D72AB0DF42008BF900 /* FullScreenCoverNavigationStackModifier.swift */; };
		633614E52AB0DF42008BF900 /* Router.swift in Sources */ = {isa = PBXBuildFile; fileRef = 633614D82AB0DF42008BF900 /* Router.swift */; };
		633614E62AB0DF42008BF900 /* RoutesObject.swift in Sources */ = {isa = PBXBuildFile; fileRef = 633614D92AB0DF42008BF900 /* RoutesObject.swift */; };
		633614E72AB0DF42008BF900 /* Routes.swift in Sources */ = {isa = PBXBuildFile; fileRef = 633614DA2AB0DF42008BF900 /* Routes.swift */; };
		633614EB2AB0E030008BF900 /* FirebaseAnalyticsSwift in Frameworks */ = {isa = PBXBuildFile; productRef = 633614EA2AB0E030008BF900 /* FirebaseAnalyticsSwift */; };
		633614ED2AB0E033008BF900 /* FirebaseAnalytics in Frameworks */ = {isa = PBXBuildFile; productRef = 633614EC2AB0E033008BF900 /* FirebaseAnalytics */; };
		633614EF2AB0E039008BF900 /* FirebaseAuth in Frameworks */ = {isa = PBXBuildFile; productRef = 633614EE2AB0E039008BF900 /* FirebaseAuth */; };
		633614F12AB0E03E008BF900 /* FirebaseFirestoreSwift in Frameworks */ = {isa = PBXBuildFile; productRef = 633614F02AB0E03E008BF900 /* FirebaseFirestoreSwift */; };
		633614F32AB0E044008BF900 /* FirebaseFirestore in Frameworks */ = {isa = PBXBuildFile; productRef = 633614F22AB0E044008BF900 /* FirebaseFirestore */; };
		633614F62AB0E077008BF900 /* GoogleSignIn in Frameworks */ = {isa = PBXBuildFile; productRef = 633614F52AB0E077008BF900 /* GoogleSignIn */; };
		633614F82AB0E07E008BF900 /* GoogleSignInSwift in Frameworks */ = {isa = PBXBuildFile; productRef = 633614F72AB0E07E008BF900 /* GoogleSignInSwift */; };
		633614FA2AB0E18F008BF900 /* SettingsView.swift in Sources */ = {isa = PBXBuildFile; fileRef = 633614F92AB0E18F008BF900 /* SettingsView.swift */; };
		633614FC2AB0E1B2008BF900 /* AddCardPage.swift in Sources */ = {isa = PBXBuildFile; fileRef = 633614FB2AB0E1B2008BF900 /* AddCardPage.swift */; };
		633615062AB0E6F7008BF900 /* SignInEmailView.swift in Sources */ = {isa = PBXBuildFile; fileRef = 633615012AB0E6F7008BF900 /* SignInEmailView.swift */; };
		633615072AB0E6F7008BF900 /* SignInEmailViewModel.swift in Sources */ = {isa = PBXBuildFile; fileRef = 633615022AB0E6F7008BF900 /* SignInEmailViewModel.swift */; };
		633615082AB0E6F7008BF900 /* AuthenticationView.swift in Sources */ = {isa = PBXBuildFile; fileRef = 633615042AB0E6F7008BF900 /* AuthenticationView.swift */; };
		633615092AB0E6F7008BF900 /* AuthenticationViewModel.swift in Sources */ = {isa = PBXBuildFile; fileRef = 633615052AB0E6F7008BF900 /* AuthenticationViewModel.swift */; };
		633615162AB0E7A9008BF900 /* SignInAppleHelper.swift in Sources */ = {isa = PBXBuildFile; fileRef = 6336150B2AB0E7A9008BF900 /* SignInAppleHelper.swift */; };
		633615172AB0E7A9008BF900 /* SignInGoogleHelper.swift in Sources */ = {isa = PBXBuildFile; fileRef = 6336150C2AB0E7A9008BF900 /* SignInGoogleHelper.swift */; };
		6336151A2AB0E7A9008BF900 /* UserManager.swift in Sources */ = {isa = PBXBuildFile; fileRef = 633615112AB0E7A9008BF900 /* UserManager.swift */; };
		6336151B2AB0E7A9008BF900 /* AuthenticationManager.swift in Sources */ = {isa = PBXBuildFile; fileRef = 633615122AB0E7A9008BF900 /* AuthenticationManager.swift */; };
		6336151C2AB0E7A9008BF900 /* Utilities.swift in Sources */ = {isa = PBXBuildFile; fileRef = 633615142AB0E7A9008BF900 /* Utilities.swift */; };
		639E25982AB0EEE20026B426 /* GoogleService-Info.plist in Resources */ = {isa = PBXBuildFile; fileRef = 639E25972AB0EEE20026B426 /* GoogleService-Info.plist */; };
/* End PBXBuildFile section */

/* Begin PBXContainerItemProxy section */
		633614AC2AB09AE7008BF900 /* PBXContainerItemProxy */ = {
			isa = PBXContainerItemProxy;
			containerPortal = 633614932AB09AE4008BF900 /* Project object */;
			proxyType = 1;
			remoteGlobalIDString = 6336149A2AB09AE4008BF900;
			remoteInfo = PocketCards;
		};
		633614B62AB09AE7008BF900 /* PBXContainerItemProxy */ = {
			isa = PBXContainerItemProxy;
			containerPortal = 633614932AB09AE4008BF900 /* Project object */;
			proxyType = 1;
			remoteGlobalIDString = 6336149A2AB09AE4008BF900;
			remoteInfo = PocketCards;
		};
/* End PBXContainerItemProxy section */

/* Begin PBXFileReference section */
		6336149B2AB09AE4008BF900 /* PocketCards.app */ = {isa = PBXFileReference; explicitFileType = wrapper.application; includeInIndex = 0; path = PocketCards.app; sourceTree = BUILT_PRODUCTS_DIR; };
		633614A22AB09AE7008BF900 /* Assets.xcassets */ = {isa = PBXFileReference; lastKnownFileType = folder.assetcatalog; path = Assets.xcassets; sourceTree = "<group>"; };
		633614A52AB09AE7008BF900 /* Preview Assets.xcassets */ = {isa = PBXFileReference; lastKnownFileType = folder.assetcatalog; path = "Preview Assets.xcassets"; sourceTree = "<group>"; };
		633614AB2AB09AE7008BF900 /* PocketCardsTests.xctest */ = {isa = PBXFileReference; explicitFileType = wrapper.cfbundle; includeInIndex = 0; path = PocketCardsTests.xctest; sourceTree = BUILT_PRODUCTS_DIR; };
		633614AF2AB09AE7008BF900 /* PocketCardsTests.swift */ = {isa = PBXFileReference; lastKnownFileType = sourcecode.swift; path = PocketCardsTests.swift; sourceTree = "<group>"; };
		633614B52AB09AE7008BF900 /* PocketCardsUITests.xctest */ = {isa = PBXFileReference; explicitFileType = wrapper.cfbundle; includeInIndex = 0; path = PocketCardsUITests.xctest; sourceTree = BUILT_PRODUCTS_DIR; };
		633614B92AB09AE7008BF900 /* PocketCardsUITests.swift */ = {isa = PBXFileReference; lastKnownFileType = sourcecode.swift; path = PocketCardsUITests.swift; sourceTree = "<group>"; };
		633614BB2AB09AE7008BF900 /* PocketCardsUITestsLaunchTests.swift */ = {isa = PBXFileReference; lastKnownFileType = sourcecode.swift; path = PocketCardsUITestsLaunchTests.swift; sourceTree = "<group>"; };
		633614C82AB09E06008BF900 /* CardPage.swift */ = {isa = PBXFileReference; lastKnownFileType = sourcecode.swift; path = CardPage.swift; sourceTree = "<group>"; };
		633614CA2AB09EBF008BF900 /* CardView.swift */ = {isa = PBXFileReference; lastKnownFileType = sourcecode.swift; path = CardView.swift; sourceTree = "<group>"; };
		633614CD2AB0DF42008BF900 /* RootContainerView.swift */ = {isa = PBXFileReference; fileEncoding = 4; lastKnownFileType = sourcecode.swift; path = RootContainerView.swift; sourceTree = "<group>"; };
		633614CE2AB0DF42008BF900 /* RouterApp.swift */ = {isa = PBXFileReference; fileEncoding = 4; lastKnownFileType = sourcecode.swift; path = RouterApp.swift; sourceTree = "<group>"; };
		633614D02AB0DF42008BF900 /* SheetPublishedModifier.swift */ = {isa = PBXFileReference; fileEncoding = 4; lastKnownFileType = sourcecode.swift; path = SheetPublishedModifier.swift; sourceTree = "<group>"; };
		633614D12AB0DF42008BF900 /* FullScreenCoverPublishedModifier.swift */ = {isa = PBXFileReference; fileEncoding = 4; lastKnownFileType = sourcecode.swift; path = FullScreenCoverPublishedModifier.swift; sourceTree = "<group>"; };
		633614D22AB0DF42008BF900 /* ModalOnlyNavigationStack.swift */ = {isa = PBXFileReference; fileEncoding = 4; lastKnownFileType = sourcecode.swift; path = ModalOnlyNavigationStack.swift; sourceTree = "<group>"; };
		633614D32AB0DF42008BF900 /* RootModalNavigationStack.swift */ = {isa = PBXFileReference; fileEncoding = 4; lastKnownFileType = sourcecode.swift; path = RootModalNavigationStack.swift; sourceTree = "<group>"; };
		633614D42AB0DF42008BF900 /* SheetNavigationStackModifier.swift */ = {isa = PBXFileReference; fileEncoding = 4; lastKnownFileType = sourcecode.swift; path = SheetNavigationStackModifier.swift; sourceTree = "<group>"; };
		633614D52AB0DF42008BF900 /* RootNavigationStack.swift */ = {isa = PBXFileReference; fileEncoding = 4; lastKnownFileType = sourcecode.swift; path = RootNavigationStack.swift; sourceTree = "<group>"; };
		633614D62AB0DF42008BF900 /* Router+View.swift */ = {isa = PBXFileReference; fileEncoding = 4; lastKnownFileType = sourcecode.swift; path = "Router+View.swift"; sourceTree = "<group>"; };
		633614D72AB0DF42008BF900 /* FullScreenCoverNavigationStackModifier.swift */ = {isa = PBXFileReference; fileEncoding = 4; lastKnownFileType = sourcecode.swift; path = FullScreenCoverNavigationStackModifier.swift; sourceTree = "<group>"; };
		633614D82AB0DF42008BF900 /* Router.swift */ = {isa = PBXFileReference; fileEncoding = 4; lastKnownFileType = sourcecode.swift; path = Router.swift; sourceTree = "<group>"; };
		633614D92AB0DF42008BF900 /* RoutesObject.swift */ = {isa = PBXFileReference; fileEncoding = 4; lastKnownFileType = sourcecode.swift; path = RoutesObject.swift; sourceTree = "<group>"; };
		633614DA2AB0DF42008BF900 /* Routes.swift */ = {isa = PBXFileReference; fileEncoding = 4; lastKnownFileType = sourcecode.swift; path = Routes.swift; sourceTree = "<group>"; };
		633614F92AB0E18F008BF900 /* SettingsView.swift */ = {isa = PBXFileReference; lastKnownFileType = sourcecode.swift; path = SettingsView.swift; sourceTree = "<group>"; };
		633614FB2AB0E1B2008BF900 /* AddCardPage.swift */ = {isa = PBXFileReference; lastKnownFileType = sourcecode.swift; path = AddCardPage.swift; sourceTree = "<group>"; };
		633615012AB0E6F7008BF900 /* SignInEmailView.swift */ = {isa = PBXFileReference; fileEncoding = 4; lastKnownFileType = sourcecode.swift; path = SignInEmailView.swift; sourceTree = "<group>"; };
		633615022AB0E6F7008BF900 /* SignInEmailViewModel.swift */ = {isa = PBXFileReference; fileEncoding = 4; lastKnownFileType = sourcecode.swift; path = SignInEmailViewModel.swift; sourceTree = "<group>"; };
		633615042AB0E6F7008BF900 /* AuthenticationView.swift */ = {isa = PBXFileReference; fileEncoding = 4; lastKnownFileType = sourcecode.swift; path = AuthenticationView.swift; sourceTree = "<group>"; };
		633615052AB0E6F7008BF900 /* AuthenticationViewModel.swift */ = {isa = PBXFileReference; fileEncoding = 4; lastKnownFileType = sourcecode.swift; path = AuthenticationViewModel.swift; sourceTree = "<group>"; };
		6336150B2AB0E7A9008BF900 /* SignInAppleHelper.swift */ = {isa = PBXFileReference; fileEncoding = 4; lastKnownFileType = sourcecode.swift; path = SignInAppleHelper.swift; sourceTree = "<group>"; };
		6336150C2AB0E7A9008BF900 /* SignInGoogleHelper.swift */ = {isa = PBXFileReference; fileEncoding = 4; lastKnownFileType = sourcecode.swift; path = SignInGoogleHelper.swift; sourceTree = "<group>"; };
		633615112AB0E7A9008BF900 /* UserManager.swift */ = {isa = PBXFileReference; fileEncoding = 4; lastKnownFileType = sourcecode.swift; path = UserManager.swift; sourceTree = "<group>"; };
		633615122AB0E7A9008BF900 /* AuthenticationManager.swift */ = {isa = PBXFileReference; fileEncoding = 4; lastKnownFileType = sourcecode.swift; path = AuthenticationManager.swift; sourceTree = "<group>"; };
		633615142AB0E7A9008BF900 /* Utilities.swift */ = {isa = PBXFileReference; fileEncoding = 4; lastKnownFileType = sourcecode.swift; path = Utilities.swift; sourceTree = "<group>"; };
		633615202AB0EA8B008BF900 /* PocketCards.entitlements */ = {isa = PBXFileReference; lastKnownFileType = text.plist.entitlements; path = PocketCards.entitlements; sourceTree = "<group>"; };
		639E25972AB0EEE20026B426 /* GoogleService-Info.plist */ = {isa = PBXFileReference; fileEncoding = 4; lastKnownFileType = text.plist.xml; path = "GoogleService-Info.plist"; sourceTree = "<group>"; };
/* End PBXFileReference section */

/* Begin PBXFrameworksBuildPhase section */
		633614982AB09AE4008BF900 /* Frameworks */ = {
			isa = PBXFrameworksBuildPhase;
			buildActionMask = 2147483647;
			files = (
				633614ED2AB0E033008BF900 /* FirebaseAnalytics in Frameworks */,
				633614EF2AB0E039008BF900 /* FirebaseAuth in Frameworks */,
				633614F82AB0E07E008BF900 /* GoogleSignInSwift in Frameworks */,
				633614EB2AB0E030008BF900 /* FirebaseAnalyticsSwift in Frameworks */,
				633614F32AB0E044008BF900 /* FirebaseFirestore in Frameworks */,
				633614F12AB0E03E008BF900 /* FirebaseFirestoreSwift in Frameworks */,
				633614F62AB0E077008BF900 /* GoogleSignIn in Frameworks */,
			);
			runOnlyForDeploymentPostprocessing = 0;
		};
		633614A82AB09AE7008BF900 /* Frameworks */ = {
			isa = PBXFrameworksBuildPhase;
			buildActionMask = 2147483647;
			files = (
			);
			runOnlyForDeploymentPostprocessing = 0;
		};
		633614B22AB09AE7008BF900 /* Frameworks */ = {
			isa = PBXFrameworksBuildPhase;
			buildActionMask = 2147483647;
			files = (
			);
			runOnlyForDeploymentPostprocessing = 0;
		};
/* End PBXFrameworksBuildPhase section */

/* Begin PBXGroup section */
		633614922AB09AE4008BF900 = {
			isa = PBXGroup;
			children = (
				6336149D2AB09AE4008BF900 /* PocketCards */,
				633614AE2AB09AE7008BF900 /* PocketCardsTests */,
				633614B82AB09AE7008BF900 /* PocketCardsUITests */,
				6336149C2AB09AE4008BF900 /* Products */,
				633614E92AB0E02F008BF900 /* Frameworks */,
			);
			sourceTree = "<group>";
		};
		6336149C2AB09AE4008BF900 /* Products */ = {
			isa = PBXGroup;
			children = (
				6336149B2AB09AE4008BF900 /* PocketCards.app */,
				633614AB2AB09AE7008BF900 /* PocketCardsTests.xctest */,
				633614B52AB09AE7008BF900 /* PocketCardsUITests.xctest */,
			);
			name = Products;
			sourceTree = "<group>";
		};
		6336149D2AB09AE4008BF900 /* PocketCards */ = {
			isa = PBXGroup;
			children = (
				639E25972AB0EEE20026B426 /* GoogleService-Info.plist */,
				633615202AB0EA8B008BF900 /* PocketCards.entitlements */,
				633614CC2AB0DF42008BF900 /* Router */,
				633614C82AB09E06008BF900 /* CardPage.swift */,
				633614FB2AB0E1B2008BF900 /* AddCardPage.swift */,
				633614CA2AB09EBF008BF900 /* CardView.swift */,
				633614F92AB0E18F008BF900 /* SettingsView.swift */,
				6336150A2AB0E7A9008BF900 /* Helpers */,
				6336150D2AB0E7A9008BF900 /* Managers */,
				633615132AB0E7A9008BF900 /* Utilities */,
				633614A22AB09AE7008BF900 /* Assets.xcassets */,
				633614A42AB09AE7008BF900 /* Preview Content */,
			);
			path = PocketCards;
			sourceTree = "<group>";
		};
		633614A42AB09AE7008BF900 /* Preview Content */ = {
			isa = PBXGroup;
			children = (
				633614A52AB09AE7008BF900 /* Preview Assets.xcassets */,
			);
			path = "Preview Content";
			sourceTree = "<group>";
		};
		633614AE2AB09AE7008BF900 /* PocketCardsTests */ = {
			isa = PBXGroup;
			children = (
				633614AF2AB09AE7008BF900 /* PocketCardsTests.swift */,
			);
			path = PocketCardsTests;
			sourceTree = "<group>";
		};
		633614B82AB09AE7008BF900 /* PocketCardsUITests */ = {
			isa = PBXGroup;
			children = (
				633614B92AB09AE7008BF900 /* PocketCardsUITests.swift */,
				633614BB2AB09AE7008BF900 /* PocketCardsUITestsLaunchTests.swift */,
			);
			path = PocketCardsUITests;
			sourceTree = "<group>";
		};
		633614CC2AB0DF42008BF900 /* Router */ = {
			isa = PBXGroup;
			children = (
				633614CD2AB0DF42008BF900 /* RootContainerView.swift */,
				633614CE2AB0DF42008BF900 /* RouterApp.swift */,
				633614CF2AB0DF42008BF900 /* NavigationRouter */,
				633614DA2AB0DF42008BF900 /* Routes.swift */,
				633614FF2AB0E6F7008BF900 /* Authentification */,
			);
			path = Router;
			sourceTree = "<group>";
		};
		633614CF2AB0DF42008BF900 /* NavigationRouter */ = {
			isa = PBXGroup;
			children = (
				633614D02AB0DF42008BF900 /* SheetPublishedModifier.swift */,
				633614D12AB0DF42008BF900 /* FullScreenCoverPublishedModifier.swift */,
				633614D22AB0DF42008BF900 /* ModalOnlyNavigationStack.swift */,
				633614D32AB0DF42008BF900 /* RootModalNavigationStack.swift */,
				633614D42AB0DF42008BF900 /* SheetNavigationStackModifier.swift */,
				633614D52AB0DF42008BF900 /* RootNavigationStack.swift */,
				633614D62AB0DF42008BF900 /* Router+View.swift */,
				633614D72AB0DF42008BF900 /* FullScreenCoverNavigationStackModifier.swift */,
				633614D82AB0DF42008BF900 /* Router.swift */,
				633614D92AB0DF42008BF900 /* RoutesObject.swift */,
			);
			path = NavigationRouter;
			sourceTree = "<group>";
		};
		633614E92AB0E02F008BF900 /* Frameworks */ = {
			isa = PBXGroup;
			children = (
			);
			name = Frameworks;
			sourceTree = "<group>";
		};
		633614FF2AB0E6F7008BF900 /* Authentification */ = {
			isa = PBXGroup;
			children = (
				633615002AB0E6F7008BF900 /* SignIn */,
				633615032AB0E6F7008BF900 /* Authentication */,
			);
			path = Authentification;
			sourceTree = "<group>";
		};
		633615002AB0E6F7008BF900 /* SignIn */ = {
			isa = PBXGroup;
			children = (
				633615012AB0E6F7008BF900 /* SignInEmailView.swift */,
				633615022AB0E6F7008BF900 /* SignInEmailViewModel.swift */,
			);
			path = SignIn;
			sourceTree = "<group>";
		};
		633615032AB0E6F7008BF900 /* Authentication */ = {
			isa = PBXGroup;
			children = (
				633615042AB0E6F7008BF900 /* AuthenticationView.swift */,
				633615052AB0E6F7008BF900 /* AuthenticationViewModel.swift */,
			);
			path = Authentication;
			sourceTree = "<group>";
		};
		6336150A2AB0E7A9008BF900 /* Helpers */ = {
			isa = PBXGroup;
			children = (
				6336150B2AB0E7A9008BF900 /* SignInAppleHelper.swift */,
				6336150C2AB0E7A9008BF900 /* SignInGoogleHelper.swift */,
			);
			path = Helpers;
			sourceTree = "<group>";
		};
		6336150D2AB0E7A9008BF900 /* Managers */ = {
			isa = PBXGroup;
			children = (
				6336150E2AB0E7A9008BF900 /* Firestore */,
				633615122AB0E7A9008BF900 /* AuthenticationManager.swift */,
			);
			path = Managers;
			sourceTree = "<group>";
		};
		6336150E2AB0E7A9008BF900 /* Firestore */ = {
			isa = PBXGroup;
			children = (
				633615112AB0E7A9008BF900 /* UserManager.swift */,
			);
			path = Firestore;
			sourceTree = "<group>";
		};
		633615132AB0E7A9008BF900 /* Utilities */ = {
			isa = PBXGroup;
			children = (
				633615142AB0E7A9008BF900 /* Utilities.swift */,
			);
			path = Utilities;
			sourceTree = "<group>";
		};
/* End PBXGroup section */

/* Begin PBXNativeTarget section */
		6336149A2AB09AE4008BF900 /* PocketCards */ = {
			isa = PBXNativeTarget;
			buildConfigurationList = 633614BF2AB09AE7008BF900 /* Build configuration list for PBXNativeTarget "PocketCards" */;
			buildPhases = (
				633614972AB09AE4008BF900 /* Sources */,
				633614982AB09AE4008BF900 /* Frameworks */,
				633614992AB09AE4008BF900 /* Resources */,
			);
			buildRules = (
			);
			dependencies = (
			);
			name = PocketCards;
			packageProductDependencies = (
				633614EA2AB0E030008BF900 /* FirebaseAnalyticsSwift */,
				633614EC2AB0E033008BF900 /* FirebaseAnalytics */,
				633614EE2AB0E039008BF900 /* FirebaseAuth */,
				633614F02AB0E03E008BF900 /* FirebaseFirestoreSwift */,
				633614F22AB0E044008BF900 /* FirebaseFirestore */,
				633614F52AB0E077008BF900 /* GoogleSignIn */,
				633614F72AB0E07E008BF900 /* GoogleSignInSwift */,
			);
			productName = PocketCards;
			productReference = 6336149B2AB09AE4008BF900 /* PocketCards.app */;
			productType = "com.apple.product-type.application";
		};
		633614AA2AB09AE7008BF900 /* PocketCardsTests */ = {
			isa = PBXNativeTarget;
			buildConfigurationList = 633614C22AB09AE7008BF900 /* Build configuration list for PBXNativeTarget "PocketCardsTests" */;
			buildPhases = (
				633614A72AB09AE7008BF900 /* Sources */,
				633614A82AB09AE7008BF900 /* Frameworks */,
				633614A92AB09AE7008BF900 /* Resources */,
			);
			buildRules = (
			);
			dependencies = (
				633614AD2AB09AE7008BF900 /* PBXTargetDependency */,
			);
			name = PocketCardsTests;
			productName = PocketCardsTests;
			productReference = 633614AB2AB09AE7008BF900 /* PocketCardsTests.xctest */;
			productType = "com.apple.product-type.bundle.unit-test";
		};
		633614B42AB09AE7008BF900 /* PocketCardsUITests */ = {
			isa = PBXNativeTarget;
			buildConfigurationList = 633614C52AB09AE7008BF900 /* Build configuration list for PBXNativeTarget "PocketCardsUITests" */;
			buildPhases = (
				633614B12AB09AE7008BF900 /* Sources */,
				633614B22AB09AE7008BF900 /* Frameworks */,
				633614B32AB09AE7008BF900 /* Resources */,
			);
			buildRules = (
			);
			dependencies = (
				633614B72AB09AE7008BF900 /* PBXTargetDependency */,
			);
			name = PocketCardsUITests;
			productName = PocketCardsUITests;
			productReference = 633614B52AB09AE7008BF900 /* PocketCardsUITests.xctest */;
			productType = "com.apple.product-type.bundle.ui-testing";
		};
/* End PBXNativeTarget section */

/* Begin PBXProject section */
		633614932AB09AE4008BF900 /* Project object */ = {
			isa = PBXProject;
			attributes = {
				BuildIndependentTargetsInParallel = 1;
				LastSwiftUpdateCheck = 1500;
				LastUpgradeCheck = 1500;
				TargetAttributes = {
					6336149A2AB09AE4008BF900 = {
						CreatedOnToolsVersion = 15.0;
					};
					633614AA2AB09AE7008BF900 = {
						CreatedOnToolsVersion = 15.0;
						TestTargetID = 6336149A2AB09AE4008BF900;
					};
					633614B42AB09AE7008BF900 = {
						CreatedOnToolsVersion = 15.0;
						TestTargetID = 6336149A2AB09AE4008BF900;
					};
				};
			};
			buildConfigurationList = 633614962AB09AE4008BF900 /* Build configuration list for PBXProject "PocketCards" */;
			compatibilityVersion = "Xcode 14.0";
			developmentRegion = en;
			hasScannedForEncodings = 0;
			knownRegions = (
				en,
				Base,
			);
			mainGroup = 633614922AB09AE4008BF900;
			packageReferences = (
				633614E82AB0DFFE008BF900 /* XCRemoteSwiftPackageReference "firebase-ios-sdk" */,
				633614F42AB0E070008BF900 /* XCRemoteSwiftPackageReference "GoogleSignIn-iOS" */,
			);
			productRefGroup = 6336149C2AB09AE4008BF900 /* Products */;
			projectDirPath = "";
			projectRoot = "";
			targets = (
				6336149A2AB09AE4008BF900 /* PocketCards */,
				633614AA2AB09AE7008BF900 /* PocketCardsTests */,
				633614B42AB09AE7008BF900 /* PocketCardsUITests */,
			);
		};
/* End PBXProject section */

/* Begin PBXResourcesBuildPhase section */
		633614992AB09AE4008BF900 /* Resources */ = {
			isa = PBXResourcesBuildPhase;
			buildActionMask = 2147483647;
			files = (
				633614A62AB09AE7008BF900 /* Preview Assets.xcassets in Resources */,
				639E25982AB0EEE20026B426 /* GoogleService-Info.plist in Resources */,
				633614A32AB09AE7008BF900 /* Assets.xcassets in Resources */,
			);
			runOnlyForDeploymentPostprocessing = 0;
		};
		633614A92AB09AE7008BF900 /* Resources */ = {
			isa = PBXResourcesBuildPhase;
			buildActionMask = 2147483647;
			files = (
			);
			runOnlyForDeploymentPostprocessing = 0;
		};
		633614B32AB09AE7008BF900 /* Resources */ = {
			isa = PBXResourcesBuildPhase;
			buildActionMask = 2147483647;
			files = (
			);
			runOnlyForDeploymentPostprocessing = 0;
		};
/* End PBXResourcesBuildPhase section */

/* Begin PBXSourcesBuildPhase section */
		633614972AB09AE4008BF900 /* Sources */ = {
			isa = PBXSourcesBuildPhase;
			buildActionMask = 2147483647;
			files = (
				633615072AB0E6F7008BF900 /* SignInEmailViewModel.swift in Sources */,
				6336151C2AB0E7A9008BF900 /* Utilities.swift in Sources */,
				633614DB2AB0DF42008BF900 /* RootContainerView.swift in Sources */,
				633614C92AB09E06008BF900 /* CardPage.swift in Sources */,
				633614DE2AB0DF42008BF900 /* FullScreenCoverPublishedModifier.swift in Sources */,
				633614E62AB0DF42008BF900 /* RoutesObject.swift in Sources */,
				633614E32AB0DF42008BF900 /* Router+View.swift in Sources */,
				633614E42AB0DF42008BF900 /* FullScreenCoverNavigationStackModifier.swift in Sources */,
				633615172AB0E7A9008BF900 /* SignInGoogleHelper.swift in Sources */,
				633614E02AB0DF42008BF900 /* RootModalNavigationStack.swift in Sources */,
				633615062AB0E6F7008BF900 /* SignInEmailView.swift in Sources */,
				6336151B2AB0E7A9008BF900 /* AuthenticationManager.swift in Sources */,
				6336151A2AB0E7A9008BF900 /* UserManager.swift in Sources */,
				633615092AB0E6F7008BF900 /* AuthenticationViewModel.swift in Sources */,
				633614DC2AB0DF42008BF900 /* RouterApp.swift in Sources */,
				633614DD2AB0DF42008BF900 /* SheetPublishedModifier.swift in Sources */,
				633614FA2AB0E18F008BF900 /* SettingsView.swift in Sources */,
				633614E72AB0DF42008BF900 /* Routes.swift in Sources */,
				633614CB2AB09EBF008BF900 /* CardView.swift in Sources */,
				633615082AB0E6F7008BF900 /* AuthenticationView.swift in Sources */,
				633614DF2AB0DF42008BF900 /* ModalOnlyNavigationStack.swift in Sources */,
				633614E52AB0DF42008BF900 /* Router.swift in Sources */,
				633614FC2AB0E1B2008BF900 /* AddCardPage.swift in Sources */,
				633614E22AB0DF42008BF900 /* RootNavigationStack.swift in Sources */,
				633615162AB0E7A9008BF900 /* SignInAppleHelper.swift in Sources */,
				633614E12AB0DF42008BF900 /* SheetNavigationStackModifier.swift in Sources */,
			);
			runOnlyForDeploymentPostprocessing = 0;
		};
		633614A72AB09AE7008BF900 /* Sources */ = {
			isa = PBXSourcesBuildPhase;
			buildActionMask = 2147483647;
			files = (
				633614B02AB09AE7008BF900 /* PocketCardsTests.swift in Sources */,
			);
			runOnlyForDeploymentPostprocessing = 0;
		};
		633614B12AB09AE7008BF900 /* Sources */ = {
			isa = PBXSourcesBuildPhase;
			buildActionMask = 2147483647;
			files = (
				633614BC2AB09AE7008BF900 /* PocketCardsUITestsLaunchTests.swift in Sources */,
				633614BA2AB09AE7008BF900 /* PocketCardsUITests.swift in Sources */,
			);
			runOnlyForDeploymentPostprocessing = 0;
		};
/* End PBXSourcesBuildPhase section */

/* Begin PBXTargetDependency section */
		633614AD2AB09AE7008BF900 /* PBXTargetDependency */ = {
			isa = PBXTargetDependency;
			target = 6336149A2AB09AE4008BF900 /* PocketCards */;
			targetProxy = 633614AC2AB09AE7008BF900 /* PBXContainerItemProxy */;
		};
		633614B72AB09AE7008BF900 /* PBXTargetDependency */ = {
			isa = PBXTargetDependency;
			target = 6336149A2AB09AE4008BF900 /* PocketCards */;
			targetProxy = 633614B62AB09AE7008BF900 /* PBXContainerItemProxy */;
		};
/* End PBXTargetDependency section */

/* Begin XCBuildConfiguration section */
		633614BD2AB09AE7008BF900 /* Debug */ = {
			isa = XCBuildConfiguration;
			buildSettings = {
				ALWAYS_SEARCH_USER_PATHS = NO;
				ASSETCATALOG_COMPILER_GENERATE_SWIFT_ASSET_SYMBOL_EXTENSIONS = YES;
				CLANG_ANALYZER_NONNULL = YES;
				CLANG_ANALYZER_NUMBER_OBJECT_CONVERSION = YES_AGGRESSIVE;
				CLANG_CXX_LANGUAGE_STANDARD = "gnu++20";
				CLANG_ENABLE_MODULES = YES;
				CLANG_ENABLE_OBJC_ARC = YES;
				CLANG_ENABLE_OBJC_WEAK = YES;
				CLANG_WARN_BLOCK_CAPTURE_AUTORELEASING = YES;
				CLANG_WARN_BOOL_CONVERSION = YES;
				CLANG_WARN_COMMA = YES;
				CLANG_WARN_CONSTANT_CONVERSION = YES;
				CLANG_WARN_DEPRECATED_OBJC_IMPLEMENTATIONS = YES;
				CLANG_WARN_DIRECT_OBJC_ISA_USAGE = YES_ERROR;
				CLANG_WARN_DOCUMENTATION_COMMENTS = YES;
				CLANG_WARN_EMPTY_BODY = YES;
				CLANG_WARN_ENUM_CONVERSION = YES;
				CLANG_WARN_INFINITE_RECURSION = YES;
				CLANG_WARN_INT_CONVERSION = YES;
				CLANG_WARN_NON_LITERAL_NULL_CONVERSION = YES;
				CLANG_WARN_OBJC_IMPLICIT_RETAIN_SELF = YES;
				CLANG_WARN_OBJC_LITERAL_CONVERSION = YES;
				CLANG_WARN_OBJC_ROOT_CLASS = YES_ERROR;
				CLANG_WARN_QUOTED_INCLUDE_IN_FRAMEWORK_HEADER = YES;
				CLANG_WARN_RANGE_LOOP_ANALYSIS = YES;
				CLANG_WARN_STRICT_PROTOTYPES = YES;
				CLANG_WARN_SUSPICIOUS_MOVE = YES;
				CLANG_WARN_UNGUARDED_AVAILABILITY = YES_AGGRESSIVE;
				CLANG_WARN_UNREACHABLE_CODE = YES;
				CLANG_WARN__DUPLICATE_METHOD_MATCH = YES;
				COPY_PHASE_STRIP = NO;
				DEBUG_INFORMATION_FORMAT = dwarf;
				ENABLE_STRICT_OBJC_MSGSEND = YES;
				ENABLE_TESTABILITY = YES;
				ENABLE_USER_SCRIPT_SANDBOXING = YES;
				GCC_C_LANGUAGE_STANDARD = gnu17;
				GCC_DYNAMIC_NO_PIC = NO;
				GCC_NO_COMMON_BLOCKS = YES;
				GCC_OPTIMIZATION_LEVEL = 0;
				GCC_PREPROCESSOR_DEFINITIONS = (
					"DEBUG=1",
					"$(inherited)",
				);
				GCC_WARN_64_TO_32_BIT_CONVERSION = YES;
				GCC_WARN_ABOUT_RETURN_TYPE = YES_ERROR;
				GCC_WARN_UNDECLARED_SELECTOR = YES;
				GCC_WARN_UNINITIALIZED_AUTOS = YES_AGGRESSIVE;
				GCC_WARN_UNUSED_FUNCTION = YES;
				GCC_WARN_UNUSED_VARIABLE = YES;
				IPHONEOS_DEPLOYMENT_TARGET = 17.0;
				LOCALIZATION_PREFERS_STRING_CATALOGS = YES;
				MTL_ENABLE_DEBUG_INFO = INCLUDE_SOURCE;
				MTL_FAST_MATH = YES;
				ONLY_ACTIVE_ARCH = YES;
				SDKROOT = iphoneos;
				SWIFT_ACTIVE_COMPILATION_CONDITIONS = "DEBUG $(inherited)";
				SWIFT_OPTIMIZATION_LEVEL = "-Onone";
			};
			name = Debug;
		};
		633614BE2AB09AE7008BF900 /* Release */ = {
			isa = XCBuildConfiguration;
			buildSettings = {
				ALWAYS_SEARCH_USER_PATHS = NO;
				ASSETCATALOG_COMPILER_GENERATE_SWIFT_ASSET_SYMBOL_EXTENSIONS = YES;
				CLANG_ANALYZER_NONNULL = YES;
				CLANG_ANALYZER_NUMBER_OBJECT_CONVERSION = YES_AGGRESSIVE;
				CLANG_CXX_LANGUAGE_STANDARD = "gnu++20";
				CLANG_ENABLE_MODULES = YES;
				CLANG_ENABLE_OBJC_ARC = YES;
				CLANG_ENABLE_OBJC_WEAK = YES;
				CLANG_WARN_BLOCK_CAPTURE_AUTORELEASING = YES;
				CLANG_WARN_BOOL_CONVERSION = YES;
				CLANG_WARN_COMMA = YES;
				CLANG_WARN_CONSTANT_CONVERSION = YES;
				CLANG_WARN_DEPRECATED_OBJC_IMPLEMENTATIONS = YES;
				CLANG_WARN_DIRECT_OBJC_ISA_USAGE = YES_ERROR;
				CLANG_WARN_DOCUMENTATION_COMMENTS = YES;
				CLANG_WARN_EMPTY_BODY = YES;
				CLANG_WARN_ENUM_CONVERSION = YES;
				CLANG_WARN_INFINITE_RECURSION = YES;
				CLANG_WARN_INT_CONVERSION = YES;
				CLANG_WARN_NON_LITERAL_NULL_CONVERSION = YES;
				CLANG_WARN_OBJC_IMPLICIT_RETAIN_SELF = YES;
				CLANG_WARN_OBJC_LITERAL_CONVERSION = YES;
				CLANG_WARN_OBJC_ROOT_CLASS = YES_ERROR;
				CLANG_WARN_QUOTED_INCLUDE_IN_FRAMEWORK_HEADER = YES;
				CLANG_WARN_RANGE_LOOP_ANALYSIS = YES;
				CLANG_WARN_STRICT_PROTOTYPES = YES;
				CLANG_WARN_SUSPICIOUS_MOVE = YES;
				CLANG_WARN_UNGUARDED_AVAILABILITY = YES_AGGRESSIVE;
				CLANG_WARN_UNREACHABLE_CODE = YES;
				CLANG_WARN__DUPLICATE_METHOD_MATCH = YES;
				COPY_PHASE_STRIP = NO;
				DEBUG_INFORMATION_FORMAT = "dwarf-with-dsym";
				ENABLE_NS_ASSERTIONS = NO;
				ENABLE_STRICT_OBJC_MSGSEND = YES;
				ENABLE_USER_SCRIPT_SANDBOXING = YES;
				GCC_C_LANGUAGE_STANDARD = gnu17;
				GCC_NO_COMMON_BLOCKS = YES;
				GCC_WARN_64_TO_32_BIT_CONVERSION = YES;
				GCC_WARN_ABOUT_RETURN_TYPE = YES_ERROR;
				GCC_WARN_UNDECLARED_SELECTOR = YES;
				GCC_WARN_UNINITIALIZED_AUTOS = YES_AGGRESSIVE;
				GCC_WARN_UNUSED_FUNCTION = YES;
				GCC_WARN_UNUSED_VARIABLE = YES;
				IPHONEOS_DEPLOYMENT_TARGET = 17.0;
				LOCALIZATION_PREFERS_STRING_CATALOGS = YES;
				MTL_ENABLE_DEBUG_INFO = NO;
				MTL_FAST_MATH = YES;
				SDKROOT = iphoneos;
				SWIFT_COMPILATION_MODE = wholemodule;
				VALIDATE_PRODUCT = YES;
			};
			name = Release;
		};
		633614C02AB09AE7008BF900 /* Debug */ = {
			isa = XCBuildConfiguration;
			buildSettings = {
				ASSETCATALOG_COMPILER_APPICON_NAME = AppIcon;
				ASSETCATALOG_COMPILER_GLOBAL_ACCENT_COLOR_NAME = AccentColor;
				CODE_SIGN_ENTITLEMENTS = PocketCards/PocketCards.entitlements;
				CODE_SIGN_STYLE = Automatic;
				CURRENT_PROJECT_VERSION = 1;
				DEVELOPMENT_ASSET_PATHS = "\"PocketCards/Preview Content\"";
				DEVELOPMENT_TEAM = Z5K5J5HEG4;
				ENABLE_PREVIEWS = YES;
				GENERATE_INFOPLIST_FILE = YES;
				INFOPLIST_KEY_UIApplicationSceneManifest_Generation = YES;
				INFOPLIST_KEY_UIApplicationSupportsIndirectInputEvents = YES;
				INFOPLIST_KEY_UILaunchScreen_Generation = YES;
				INFOPLIST_KEY_UISupportedInterfaceOrientations_iPad = "UIInterfaceOrientationPortrait UIInterfaceOrientationPortraitUpsideDown UIInterfaceOrientationLandscapeLeft UIInterfaceOrientationLandscapeRight";
				INFOPLIST_KEY_UISupportedInterfaceOrientations_iPhone = "UIInterfaceOrientationPortrait UIInterfaceOrientationLandscapeLeft UIInterfaceOrientationLandscapeRight";
				LD_RUNPATH_SEARCH_PATHS = (
					"$(inherited)",
					"@executable_path/Frameworks",
				);
				MARKETING_VERSION = 1.0;
				PRODUCT_BUNDLE_IDENTIFIER = pavloMoroz.PocketCards;
				PRODUCT_NAME = "$(TARGET_NAME)";
				SWIFT_EMIT_LOC_STRINGS = YES;
				SWIFT_VERSION = 5.0;
				TARGETED_DEVICE_FAMILY = "1,2";
			};
			name = Debug;
		};
		633614C12AB09AE7008BF900 /* Release */ = {
			isa = XCBuildConfiguration;
			buildSettings = {
				ASSETCATALOG_COMPILER_APPICON_NAME = AppIcon;
				ASSETCATALOG_COMPILER_GLOBAL_ACCENT_COLOR_NAME = AccentColor;
				CODE_SIGN_ENTITLEMENTS = PocketCards/PocketCards.entitlements;
				CODE_SIGN_STYLE = Automatic;
				CURRENT_PROJECT_VERSION = 1;
				DEVELOPMENT_ASSET_PATHS = "\"PocketCards/Preview Content\"";
				DEVELOPMENT_TEAM = Z5K5J5HEG4;
				ENABLE_PREVIEWS = YES;
				GENERATE_INFOPLIST_FILE = YES;
				INFOPLIST_KEY_UIApplicationSceneManifest_Generation = YES;
				INFOPLIST_KEY_UIApplicationSupportsIndirectInputEvents = YES;
				INFOPLIST_KEY_UILaunchScreen_Generation = YES;
				INFOPLIST_KEY_UISupportedInterfaceOrientations_iPad = "UIInterfaceOrientationPortrait UIInterfaceOrientationPortraitUpsideDown UIInterfaceOrientationLandscapeLeft UIInterfaceOrientationLandscapeRight";
				INFOPLIST_KEY_UISupportedInterfaceOrientations_iPhone = "UIInterfaceOrientationPortrait UIInterfaceOrientationLandscapeLeft UIInterfaceOrientationLandscapeRight";
				LD_RUNPATH_SEARCH_PATHS = (
					"$(inherited)",
					"@executable_path/Frameworks",
				);
				MARKETING_VERSION = 1.0;
				PRODUCT_BUNDLE_IDENTIFIER = pavloMoroz.PocketCards;
				PRODUCT_NAME = "$(TARGET_NAME)";
				SWIFT_EMIT_LOC_STRINGS = YES;
				SWIFT_VERSION = 5.0;
				TARGETED_DEVICE_FAMILY = "1,2";
			};
			name = Release;
		};
		633614C32AB09AE7008BF900 /* Debug */ = {
			isa = XCBuildConfiguration;
			buildSettings = {
				ALWAYS_EMBED_SWIFT_STANDARD_LIBRARIES = YES;
				BUNDLE_LOADER = "$(TEST_HOST)";
				CODE_SIGN_STYLE = Automatic;
				CURRENT_PROJECT_VERSION = 1;
				DEVELOPMENT_TEAM = Z5K5J5HEG4;
				GENERATE_INFOPLIST_FILE = YES;
				IPHONEOS_DEPLOYMENT_TARGET = 17.0;
				MARKETING_VERSION = 1.0;
				PRODUCT_BUNDLE_IDENTIFIER = pavloMoroz.PocketCardsTests;
				PRODUCT_NAME = "$(TARGET_NAME)";
				SWIFT_EMIT_LOC_STRINGS = NO;
				SWIFT_VERSION = 5.0;
				TARGETED_DEVICE_FAMILY = "1,2";
				TEST_HOST = "$(BUILT_PRODUCTS_DIR)/PocketCards.app/$(BUNDLE_EXECUTABLE_FOLDER_PATH)/PocketCards";
			};
			name = Debug;
		};
		633614C42AB09AE7008BF900 /* Release */ = {
			isa = XCBuildConfiguration;
			buildSettings = {
				ALWAYS_EMBED_SWIFT_STANDARD_LIBRARIES = YES;
				BUNDLE_LOADER = "$(TEST_HOST)";
				CODE_SIGN_STYLE = Automatic;
				CURRENT_PROJECT_VERSION = 1;
				DEVELOPMENT_TEAM = Z5K5J5HEG4;
				GENERATE_INFOPLIST_FILE = YES;
				IPHONEOS_DEPLOYMENT_TARGET = 17.0;
				MARKETING_VERSION = 1.0;
				PRODUCT_BUNDLE_IDENTIFIER = pavloMoroz.PocketCardsTests;
				PRODUCT_NAME = "$(TARGET_NAME)";
				SWIFT_EMIT_LOC_STRINGS = NO;
				SWIFT_VERSION = 5.0;
				TARGETED_DEVICE_FAMILY = "1,2";
				TEST_HOST = "$(BUILT_PRODUCTS_DIR)/PocketCards.app/$(BUNDLE_EXECUTABLE_FOLDER_PATH)/PocketCards";
			};
			name = Release;
		};
		633614C62AB09AE7008BF900 /* Debug */ = {
			isa = XCBuildConfiguration;
			buildSettings = {
				ALWAYS_EMBED_SWIFT_STANDARD_LIBRARIES = YES;
				CODE_SIGN_STYLE = Automatic;
				CURRENT_PROJECT_VERSION = 1;
				DEVELOPMENT_TEAM = Z5K5J5HEG4;
				GENERATE_INFOPLIST_FILE = YES;
				MARKETING_VERSION = 1.0;
				PRODUCT_BUNDLE_IDENTIFIER = pavloMoroz.PocketCardsUITests;
				PRODUCT_NAME = "$(TARGET_NAME)";
				SWIFT_EMIT_LOC_STRINGS = NO;
				SWIFT_VERSION = 5.0;
				TARGETED_DEVICE_FAMILY = "1,2";
				TEST_TARGET_NAME = PocketCards;
			};
			name = Debug;
		};
		633614C72AB09AE7008BF900 /* Release */ = {
			isa = XCBuildConfiguration;
			buildSettings = {
				ALWAYS_EMBED_SWIFT_STANDARD_LIBRARIES = YES;
				CODE_SIGN_STYLE = Automatic;
				CURRENT_PROJECT_VERSION = 1;
				DEVELOPMENT_TEAM = Z5K5J5HEG4;
				GENERATE_INFOPLIST_FILE = YES;
				MARKETING_VERSION = 1.0;
				PRODUCT_BUNDLE_IDENTIFIER = pavloMoroz.PocketCardsUITests;
				PRODUCT_NAME = "$(TARGET_NAME)";
				SWIFT_EMIT_LOC_STRINGS = NO;
				SWIFT_VERSION = 5.0;
				TARGETED_DEVICE_FAMILY = "1,2";
				TEST_TARGET_NAME = PocketCards;
			};
			name = Release;
		};
/* End XCBuildConfiguration section */

/* Begin XCConfigurationList section */
		633614962AB09AE4008BF900 /* Build configuration list for PBXProject "PocketCards" */ = {
			isa = XCConfigurationList;
			buildConfigurations = (
				633614BD2AB09AE7008BF900 /* Debug */,
				633614BE2AB09AE7008BF900 /* Release */,
			);
			defaultConfigurationIsVisible = 0;
			defaultConfigurationName = Release;
		};
		633614BF2AB09AE7008BF900 /* Build configuration list for PBXNativeTarget "PocketCards" */ = {
			isa = XCConfigurationList;
			buildConfigurations = (
				633614C02AB09AE7008BF900 /* Debug */,
				633614C12AB09AE7008BF900 /* Release */,
			);
			defaultConfigurationIsVisible = 0;
			defaultConfigurationName = Release;
		};
		633614C22AB09AE7008BF900 /* Build configuration list for PBXNativeTarget "PocketCardsTests" */ = {
			isa = XCConfigurationList;
			buildConfigurations = (
				633614C32AB09AE7008BF900 /* Debug */,
				633614C42AB09AE7008BF900 /* Release */,
			);
			defaultConfigurationIsVisible = 0;
			defaultConfigurationName = Release;
		};
		633614C52AB09AE7008BF900 /* Build configuration list for PBXNativeTarget "PocketCardsUITests" */ = {
			isa = XCConfigurationList;
			buildConfigurations = (
				633614C62AB09AE7008BF900 /* Debug */,
				633614C72AB09AE7008BF900 /* Release */,
			);
			defaultConfigurationIsVisible = 0;
			defaultConfigurationName = Release;
		};
/* End XCConfigurationList section */

/* Begin XCRemoteSwiftPackageReference section */
		633614E82AB0DFFE008BF900 /* XCRemoteSwiftPackageReference "firebase-ios-sdk" */ = {
			isa = XCRemoteSwiftPackageReference;
			repositoryURL = "https://github.com/firebase/firebase-ios-sdk";
			requirement = {
				kind = upToNextMajorVersion;
				minimumVersion = 10.15.0;
			};
		};
		633614F42AB0E070008BF900 /* XCRemoteSwiftPackageReference "GoogleSignIn-iOS" */ = {
			isa = XCRemoteSwiftPackageReference;
			repositoryURL = "git@github.com:google/GoogleSignIn-iOS.git";
			requirement = {
				kind = upToNextMajorVersion;
				minimumVersion = 7.0.0;
			};
		};
/* End XCRemoteSwiftPackageReference section */

/* Begin XCSwiftPackageProductDependency section */
		633614EA2AB0E030008BF900 /* FirebaseAnalyticsSwift */ = {
			isa = XCSwiftPackageProductDependency;
			package = 633614E82AB0DFFE008BF900 /* XCRemoteSwiftPackageReference "firebase-ios-sdk" */;
			productName = FirebaseAnalyticsSwift;
		};
		633614EC2AB0E033008BF900 /* FirebaseAnalytics */ = {
			isa = XCSwiftPackageProductDependency;
			package = 633614E82AB0DFFE008BF900 /* XCRemoteSwiftPackageReference "firebase-ios-sdk" */;
			productName = FirebaseAnalytics;
		};
		633614EE2AB0E039008BF900 /* FirebaseAuth */ = {
			isa = XCSwiftPackageProductDependency;
			package = 633614E82AB0DFFE008BF900 /* XCRemoteSwiftPackageReference "firebase-ios-sdk" */;
			productName = FirebaseAuth;
		};
		633614F02AB0E03E008BF900 /* FirebaseFirestoreSwift */ = {
			isa = XCSwiftPackageProductDependency;
			package = 633614E82AB0DFFE008BF900 /* XCRemoteSwiftPackageReference "firebase-ios-sdk" */;
			productName = FirebaseFirestoreSwift;
		};
		633614F22AB0E044008BF900 /* FirebaseFirestore */ = {
			isa = XCSwiftPackageProductDependency;
			package = 633614E82AB0DFFE008BF900 /* XCRemoteSwiftPackageReference "firebase-ios-sdk" */;
			productName = FirebaseFirestore;
		};
		633614F52AB0E077008BF900 /* GoogleSignIn */ = {
			isa = XCSwiftPackageProductDependency;
			package = 633614F42AB0E070008BF900 /* XCRemoteSwiftPackageReference "GoogleSignIn-iOS" */;
			productName = GoogleSignIn;
		};
		633614F72AB0E07E008BF900 /* GoogleSignInSwift */ = {
			isa = XCSwiftPackageProductDependency;
			package = 633614F42AB0E070008BF900 /* XCRemoteSwiftPackageReference "GoogleSignIn-iOS" */;
			productName = GoogleSignInSwift;
		};
/* End XCSwiftPackageProductDependency section */
	};
	rootObject = 633614932AB09AE4008BF900 /* Project object */;
}
